// !$*UTF8*$!
{
	archiveVersion = 1;
	classes = {
	};
	objectVersion = 46;
	objects = {

/* Begin PBXBuildFile section */
		3259F29F1EB04CBD0055CB88 /* main.m in Sources */ = {isa = PBXBuildFile; fileRef = 3259F29E1EB04CBD0055CB88 /* main.m */; };
		3259F2A21EB04CBD0055CB88 /* AppDelegate.m in Sources */ = {isa = PBXBuildFile; fileRef = 3259F2A11EB04CBD0055CB88 /* AppDelegate.m */; };
		3259F2A51EB04CBD0055CB88 /* ViewController.m in Sources */ = {isa = PBXBuildFile; fileRef = 3259F2A41EB04CBD0055CB88 /* ViewController.m */; };
		3259F2A81EB04CBD0055CB88 /* Main.storyboard in Resources */ = {isa = PBXBuildFile; fileRef = 3259F2A61EB04CBD0055CB88 /* Main.storyboard */; };
		3259F2AA1EB04CBD0055CB88 /* Assets.xcassets in Resources */ = {isa = PBXBuildFile; fileRef = 3259F2A91EB04CBD0055CB88 /* Assets.xcassets */; };
		3259F2AD1EB04CBD0055CB88 /* LaunchScreen.storyboard in Resources */ = {isa = PBXBuildFile; fileRef = 3259F2AB1EB04CBD0055CB88 /* LaunchScreen.storyboard */; };
/* End PBXBuildFile section */

/* Begin PBXFileReference section */
		3259F29A1EB04CBD0055CB88 /* Google.app */ = {isa = PBXFileReference; explicitFileType = wrapper.application; includeInIndex = 0; path = Google.app; sourceTree = BUILT_PRODUCTS_DIR; };
		3259F29E1EB04CBD0055CB88 /* main.m */ = {isa = PBXFileReference; lastKnownFileType = sourcecode.c.objc; path = main.m; sourceTree = "<group>"; };
		3259F2A01EB04CBD0055CB88 /* AppDelegate.h */ = {isa = PBXFileReference; lastKnownFileType = sourcecode.c.h; path = AppDelegate.h; sourceTree = "<group>"; };
		3259F2A11EB04CBD0055CB88 /* AppDelegate.m */ = {isa = PBXFileReference; lastKnownFileType = sourcecode.c.objc; path = AppDelegate.m; sourceTree = "<group>"; };
		3259F2A31EB04CBD0055CB88 /* ViewController.h */ = {isa = PBXFileReference; lastKnownFileType = sourcecode.c.h; path = ViewController.h; sourceTree = "<group>"; };
		3259F2A41EB04CBD0055CB88 /* ViewController.m */ = {isa = PBXFileReference; lastKnownFileType = sourcecode.c.objc; path = ViewController.m; sourceTree = "<group>"; };
		3259F2A71EB04CBD0055CB88 /* Base */ = {isa = PBXFileReference; lastKnownFileType = file.storyboard; name = Base; path = Base.lproj/Main.storyboard; sourceTree = "<group>"; };
		3259F2A91EB04CBD0055CB88 /* Assets.xcassets */ = {isa = PBXFileReference; lastKnownFileType = folder.assetcatalog; path = Assets.xcassets; sourceTree = "<group>"; };
		3259F2AC1EB04CBD0055CB88 /* Base */ = {isa = PBXFileReference; lastKnownFileType = file.storyboard; name = Base; path = Base.lproj/LaunchScreen.storyboard; sourceTree = "<group>"; };
		3259F2AE1EB04CBD0055CB88 /* Info.plist */ = {isa = PBXFileReference; lastKnownFileType = text.plist.xml; path = Info.plist; sourceTree = "<group>"; };
/* End PBXFileReference section */

/* Begin PBXFrameworksBuildPhase section */
		3259F2971EB04CBD0055CB88 /* Frameworks */ = {
			isa = PBXFrameworksBuildPhase;
			buildActionMask = 2147483647;
			files = (
			);
			runOnlyForDeploymentPostprocessing = 0;
		};
/* End PBXFrameworksBuildPhase section */

/* Begin PBXGroup section */
		3259F2911EB04CBC0055CB88 = {
			isa = PBXGroup;
			children = (
				3259F29C1EB04CBD0055CB88 /* Google */,
				3259F29B1EB04CBD0055CB88 /* Products */,
			);
			sourceTree = "<group>";
		};
		3259F29B1EB04CBD0055CB88 /* Products */ = {
			isa = PBXGroup;
			children = (
				3259F29A1EB04CBD0055CB88 /* Google.app */,
			);
			name = Products;
			sourceTree = "<group>";
		};
		3259F29C1EB04CBD0055CB88 /* Google */ = {
			isa = PBXGroup;
			children = (
				3259F2A01EB04CBD0055CB88 /* AppDelegate.h */,
				3259F2A11EB04CBD0055CB88 /* AppDelegate.m */,
				3259F2A31EB04CBD0055CB88 /* ViewController.h */,
				3259F2A41EB04CBD0055CB88 /* ViewController.m */,
				3259F2A61EB04CBD0055CB88 /* Main.storyboard */,
				3259F2A91EB04CBD0055CB88 /* Assets.xcassets */,
				3259F2AB1EB04CBD0055CB88 /* LaunchScreen.storyboard */,
				3259F2AE1EB04CBD0055CB88 /* Info.plist */,
				3259F29D1EB04CBD0055CB88 /* Supporting Files */,
			);
			path = Google;
			sourceTree = "<group>";
		};
		3259F29D1EB04CBD0055CB88 /* Supporting Files */ = {
			isa = PBXGroup;
			children = (
				3259F29E1EB04CBD0055CB88 /* main.m */,
			);
			name = "Supporting Files";
			sourceTree = "<group>";
		};
/* End PBXGroup section */

/* Begin PBXNativeTarget section */
		3259F2991EB04CBD0055CB88 /* Google */ = {
			isa = PBXNativeTarget;
			buildConfigurationList = 3259F2B11EB04CBD0055CB88 /* Build configuration list for PBXNativeTarget "Google" */;
			buildPhases = (
				3259F2961EB04CBD0055CB88 /* Sources */,
				3259F2971EB04CBD0055CB88 /* Frameworks */,
				3259F2981EB04CBD0055CB88 /* Resources */,
			);
			buildRules = (
			);
			dependencies = (
			);
			name = Google;
			productName = Google;
			productReference = 3259F29A1EB04CBD0055CB88 /* Google.app */;
			productType = "com.apple.product-type.application";
		};
/* End PBXNativeTarget section */

/* Begin PBXProject section */
		3259F2921EB04CBC0055CB88 /* Project object */ = {
			isa = PBXProject;
			attributes = {
				LastUpgradeCheck = 0820;
				ORGANIZATIONNAME = Mangi;
				TargetAttributes = {
					3259F2991EB04CBD0055CB88 = {
						CreatedOnToolsVersion = 8.2.1;
						ProvisioningStyle = Automatic;
					};
				};
			};
			buildConfigurationList = 3259F2951EB04CBD0055CB88 /* Build configuration list for PBXProject "Google" */;
			compatibilityVersion = "Xcode 3.2";
			developmentRegion = English;
			hasScannedForEncodings = 0;
			knownRegions = (
				en,
				Base,
			);
			mainGroup = 3259F2911EB04CBC0055CB88;
			productRefGroup = 3259F29B1EB04CBD0055CB88 /* Products */;
			projectDirPath = "";
			projectRoot = "";
			targets = (
				3259F2991EB04CBD0055CB88 /* Google */,
			);
		};
/* End PBXProject section */

/* Begin PBXResourcesBuildPhase section */
		3259F2981EB04CBD0055CB88 /* Resources */ = {
			isa = PBXResourcesBuildPhase;
			buildActionMask = 2147483647;
			files = (
				3259F2AD1EB04CBD0055CB88 /* LaunchScreen.storyboard in Resources */,
				3259F2AA1EB04CBD0055CB88 /* Assets.xcassets in Resources */,
				3259F2A81EB04CBD0055CB88 /* Main.storyboard in Resources */,
			);
			runOnlyForDeploymentPostprocessing = 0;
		};
/* End PBXResourcesBuildPhase section */

/* Begin PBXSourcesBuildPhase section */
		3259F2961EB04CBD0055CB88 /* Sources */ = {
			isa = PBXSourcesBuildPhase;
			buildActionMask = 2147483647;
			files = (
				3259F2A51EB04CBD0055CB88 /* ViewController.m in Sources */,
				3259F2A21EB04CBD0055CB88 /* AppDelegate.m in Sources */,
				3259F29F1EB04CBD0055CB88 /* main.m in Sources */,
			);
			runOnlyForDeploymentPostprocessing = 0;
		};
/* End PBXSourcesBuildPhase section */

/* Begin PBXVariantGroup section */
		3259F2A61EB04CBD0055CB88 /* Main.storyboard */ = {
			isa = PBXVariantGroup;
			children = (
				3259F2A71EB04CBD0055CB88 /* Base */,
			);
			name = Main.storyboard;
			sourceTree = "<group>";
		};
		3259F2AB1EB04CBD0055CB88 /* LaunchScreen.storyboard */ = {
			isa = PBXVariantGroup;
			children = (
				3259F2AC1EB04CBD0055CB88 /* Base */,
			);
			name = LaunchScreen.storyboard;
			sourceTree = "<group>";
		};
/* End PBXVariantGroup section */

/* Begin XCBuildConfiguration section */
		3259F2AF1EB04CBD0055CB88 /* Debug */ = {
			isa = XCBuildConfiguration;
			buildSettings = {
				ALWAYS_SEARCH_USER_PATHS = NO;
				CLANG_ANALYZER_NONNULL = YES;
				CLANG_CXX_LANGUAGE_STANDARD = "gnu++0x";
				CLANG_CXX_LIBRARY = "libc++";
				CLANG_ENABLE_MODULES = YES;
				CLANG_ENABLE_OBJC_ARC = YES;
				CLANG_WARN_BOOL_CONVERSION = YES;
				CLANG_WARN_CONSTANT_CONVERSION = YES;
				CLANG_WARN_DIRECT_OBJC_ISA_USAGE = YES_ERROR;
				CLANG_WARN_DOCUMENTATION_COMMENTS = YES;
				CLANG_WARN_EMPTY_BODY = YES;
				CLANG_WARN_ENUM_CONVERSION = YES;
				CLANG_WARN_INFINITE_RECURSION = YES;
				CLANG_WARN_INT_CONVERSION = YES;
				CLANG_WARN_OBJC_ROOT_CLASS = YES_ERROR;
				CLANG_WARN_SUSPICIOUS_MOVE = YES;
				CLANG_WARN_UNREACHABLE_CODE = YES;
				CLANG_WARN__DUPLICATE_METHOD_MATCH = YES;
				"CODE_SIGN_IDENTITY[sdk=iphoneos*]" = "iPhone Developer";
				COPY_PHASE_STRIP = NO;
				DEBUG_INFORMATION_FORMAT = dwarf;
				ENABLE_STRICT_OBJC_MSGSEND = YES;
				ENABLE_TESTABILITY = YES;
				GCC_C_LANGUAGE_STANDARD = gnu99;
				GCC_DYNAMIC_NO_PIC = NO;
				GCC_NO_COMMON_BLOCKS = YES;
				GCC_OPTIMIZATION_LEVEL = 0;
				GCC_PREPROCESSOR_DEFINITIONS = (
					"DEBUG=1",
					"$(inherited)",
				);
				GCC_WARN_64_TO_32_BIT_CONVERSION = YES;
				GCC_WARN_ABOUT_RETURN_TYPE = YES_ERROR;
				GCC_WARN_UNDECLARED_SELECTOR = YES;
				GCC_WARN_UNINITIALIZED_AUTOS = YES_AGGRESSIVE;
				GCC_WARN_UNUSED_FUNCTION = YES;
				GCC_WARN_UNUSED_VARIABLE = YES;
				IPHONEOS_DEPLOYMENT_TARGET = 10.2;
				MTL_ENABLE_DEBUG_INFO = YES;
				ONLY_ACTIVE_ARCH = YES;
				SDKROOT = iphoneos;
				TARGETED_DEVICE_FAMILY = "1,2";
			};
			name = Debug;
		};
		3259F2B01EB04CBD0055CB88 /* Release */ = {
			isa = XCBuildConfiguration;
			buildSettings = {
				ALWAYS_SEARCH_USER_PATHS = NO;
				CLANG_ANALYZER_NONNULL = YES;
				CLANG_CXX_LANGUAGE_STANDARD = "gnu++0x";
				CLANG_CXX_LIBRARY = "libc++";
				CLANG_ENABLE_MODULES = YES;
				CLANG_ENABLE_OBJC_ARC = YES;
				CLANG_WARN_BOOL_CONVERSION = YES;
				CLANG_WARN_CONSTANT_CONVERSION = YES;
				CLANG_WARN_DIRECT_OBJC_ISA_USAGE = YES_ERROR;
				CLANG_WARN_DOCUMENTATION_COMMENTS = YES;
				CLANG_WARN_EMPTY_BODY = YES;
				CLANG_WARN_ENUM_CONVERSION = YES;
				CLANG_WARN_INFINITE_RECURSION = YES;
				CLANG_WARN_INT_CONVERSION = YES;
				CLANG_WARN_OBJC_ROOT_CLASS = YES_ERROR;
				CLANG_WARN_SUSPICIOUS_MOVE = YES;
				CLANG_WARN_UNREACHABLE_CODE = YES;
				CLANG_WARN__DUPLICATE_METHOD_MATCH = YES;
				"CODE_SIGN_IDENTITY[sdk=iphoneos*]" = "iPhone Developer";
				COPY_PHASE_STRIP = NO;
				DEBUG_INFORMATION_FORMAT = "dwarf-with-dsym";
				ENABLE_NS_ASSERTIONS = NO;
				ENABLE_STRICT_OBJC_MSGSEND = YES;
				GCC_C_LANGUAGE_STANDARD = gnu99;
				GCC_NO_COMMON_BLOCKS = YES;
				GCC_WARN_64_TO_32_BIT_CONVERSION = YES;
				GCC_WARN_ABOUT_RETURN_TYPE = YES_ERROR;
				GCC_WARN_UNDECLARED_SELECTOR = YES;
				GCC_WARN_UNINITIALIZED_AUTOS = YES_AGGRESSIVE;
				GCC_WARN_UNUSED_FUNCTION = YES;
				GCC_WARN_UNUSED_VARIABLE = YES;
				IPHONEOS_DEPLOYMENT_TARGET = 10.2;
				MTL_ENABLE_DEBUG_INFO = NO;
				SDKROOT = iphoneos;
				TARGETED_DEVICE_FAMILY = "1,2";
				VALIDATE_PRODUCT = YES;
			};
			name = Release;
		};
		3259F2B21EB04CBD0055CB88 /* Debug */ = {
			isa = XCBuildConfiguration;
			buildSettings = {
				ASSETCATALOG_COMPILER_APPICON_NAME = AppIcon;
				INFOPLIST_FILE = Google/Info.plist;
				IPHONEOS_DEPLOYMENT_TARGET = 8.0;
				LD_RUNPATH_SEARCH_PATHS = "$(inherited) @executable_path/Frameworks";
				PRODUCT_BUNDLE_IDENTIFIER = "Mango-Solutions-Pvt-Ltd.Google";
				PRODUCT_NAME = "$(TARGET_NAME)";
			};
			name = Debug;
		};
		3259F2B31EB04CBD0055CB88 /* Release */ = {
			isa = XCBuildConfiguration;
			buildSettings = {
				ASSETCATALOG_COMPILER_APPICON_NAME = AppIcon;
				INFOPLIST_FILE = Google/Info.plist;
				IPHONEOS_DEPLOYMENT_TARGET = 8.0;
				LD_RUNPATH_SEARCH_PATHS = "$(inherited) @executable_path/Frameworks";
				PRODUCT_BUNDLE_IDENTIFIER = "Mango-Solutions-Pvt-Ltd.Google";
				PRODUCT_NAME = "$(TARGET_NAME)";
			};
			name = Release;
		};
/* End XCBuildConfiguration section */

/* Begin XCConfigurationList section */
		3259F2951EB04CBD0055CB88 /* Build configuration list for PBXProject "Google" */ = {
			isa = XCConfigurationList;
			buildConfigurations = (
				3259F2AF1EB04CBD0055CB88 /* Debug */,
				3259F2B01EB04CBD0055CB88 /* Release */,
			);
			defaultConfigurationIsVisible = 0;
			defaultConfigurationName = Release;
		};
		3259F2B11EB04CBD0055CB88 /* Build configuration list for PBXNativeTarget "Google" */ = {
			isa = XCConfigurationList;
			buildConfigurations = (
				3259F2B21EB04CBD0055CB88 /* Debug */,
				3259F2B31EB04CBD0055CB88 /* Release */,
			);
			defaultConfigurationIsVisible = 0;
		};
/* End XCConfigurationList section */
	};
	rootObject = 3259F2921EB04CBC0055CB88 /* Project object */;
}
